
Microsoft Visual Studio Solution File, Format Version 12.00
# Visual Studio 14
VisualStudioVersion = 14.0.23107.0
MinimumVisualStudioVersion = 10.0.40219.1
Project("{FAE04EC0-301F-11D3-BF4B-00C04F79EFBC}") = "BeautifulString", "BeautifulString\BeautifulString.csproj", "{9ADDEAC4-851D-4AFC-B481-7F4CC0BF0EB4}"
EndProject
Project("{FAE04EC0-301F-11D3-BF4B-00C04F79EFBC}") = "BeautifulString.Engine", "BeautifulString.Engine\BeautifulString.Engine.csproj", "{D1B8277B-7349-4DFF-9C13-DA6CABDE350E}"
EndProject
Project("{FAE04EC0-301F-11D3-BF4B-00C04F79EFBC}") = "BeautifulString.EngineTests", "BeautifulString.EngineTests\BeautifulString.EngineTests.csproj", "{48769A0F-197D-433E-B935-564A41EBA5F9}"
EndProject
Global
	GlobalSection(SolutionConfigurationPlatforms) = preSolution
		Debug|Any CPU = Debug|Any CPU
		Release|Any CPU = Release|Any CPU
	EndGlobalSection
	GlobalSection(ProjectConfigurationPlatforms) = postSolution
		{9ADDEAC4-851D-4AFC-B481-7F4CC0BF0EB4}.Debug|Any CPU.ActiveCfg = Debug|Any CPU
		{9ADDEAC4-851D-4AFC-B481-7F4CC0BF0EB4}.Debug|Any CPU.Build.0 = Debug|Any CPU
		{9ADDEAC4-851D-4AFC-B481-7F4CC0BF0EB4}.Release|Any CPU.ActiveCfg = Release|Any CPU
		{9ADDEAC4-851D-4AFC-B481-7F4CC0BF0EB4}.Release|Any CPU.Build.0 = Release|Any CPU
		{D1B8277B-7349-4DFF-9C13-DA6CABDE350E}.Debug|Any CPU.ActiveCfg = Debug|Any CPU
		{D1B8277B-7349-4DFF-9C13-DA6CABDE350E}.Debug|Any CPU.Build.0 = Debug|Any CPU
		{D1B8277B-7349-4DFF-9C13-DA6CABDE350E}.Release|Any CPU.ActiveCfg = Release|Any CPU
		{D1B8277B-7349-4DFF-9C13-DA6CABDE350E}.Release|Any CPU.Build.0 = Release|Any CPU
		{48769A0F-197D-433E-B935-564A41EBA5F9}.Debug|Any CPU.ActiveCfg = Debug|Any CPU
		{48769A0F-197D-433E-B935-564A41EBA5F9}.Debug|Any CPU.Build.0 = Debug|Any CPU
		{48769A0F-197D-433E-B935-564A41EBA5F9}.Release|Any CPU.ActiveCfg = Release|Any CPU
		{48769A0F-197D-433E-B935-564A41EBA5F9}.Release|Any CPU.Build.0 = Release|Any CPU
	EndGlobalSection
	GlobalSection(SolutionProperties) = preSolution
		HideSolutionNode = FALSE
	EndGlobalSection
EndGlobal
